
Microsoft Visual Studio Solution File, Format Version 12.00
# Visual Studio 15
VisualStudioVersion = 15.0.28307.1433
MinimumVisualStudioVersion = 10.0.40219.1
Project("{2150E333-8FDC-42A3-9474-1A3956D46DE8}") = "Microservices", "Microservices", "{BE17FE07-AD26-4177-AB2A-407462CCF51E}"
EndProject
Project("{2150E333-8FDC-42A3-9474-1A3956D46DE8}") = "Domain", "Domain", "{85F6A355-D577-436C-AD59-2BBBE51A4457}"
EndProject
Project("{2150E333-8FDC-42A3-9474-1A3956D46DE8}") = "Infra.Bus", "Infra.Bus", "{B3599F5C-E8B1-4528-8840-75E5B5E59A7B}"
EndProject
Project("{2150E333-8FDC-42A3-9474-1A3956D46DE8}") = "Infra.IoC", "Infra.IoC", "{1060213C-6AEC-4895-A9E0-E6E6787583B2}"
EndProject
Project("{2150E333-8FDC-42A3-9474-1A3956D46DE8}") = "Presentation", "Presentation", "{4C3335E6-BE48-4769-8D7F-8C7ABC8FD2B4}"
EndProject
Project("{FAE04EC0-301F-11D3-BF4B-00C04F79EFBC}") = "MicroRabbit.Domain.Core", "MicroRabbit.Domain.Core\MicroRabbit.Domain.Core.csproj", "{3AB22C33-437A-4D56-9289-AA2BDDEC5081}"
EndProject
Project("{FAE04EC0-301F-11D3-BF4B-00C04F79EFBC}") = "MicroRabbit.Infra.Bus", "MicroRabbit.Infra.Bus\MicroRabbit.Infra.Bus.csproj", "{99471BC8-736F-46A9-B033-2456F4186B71}"
EndProject
Project("{FAE04EC0-301F-11D3-BF4B-00C04F79EFBC}") = "MicroRabbit.Infra.IoC", "MicroRabbit.Infra.IoC\MicroRabbit.Infra.IoC.csproj", "{A5BCC3B8-CAE0-4876-B5DB-E078230B9A9D}"
EndProject
Project("{2150E333-8FDC-42A3-9474-1A3956D46DE8}") = "Banking", "Banking", "{D682AE15-6135-4A2A-9B57-04A9A853D8D4}"
EndProject
Project("{2150E333-8FDC-42A3-9474-1A3956D46DE8}") = "API", "API", "{E43F9D48-764D-441D-92FD-225A988D4F30}"
EndProject
Project("{2150E333-8FDC-42A3-9474-1A3956D46DE8}") = "Domain", "Domain", "{9E7D5B7B-A10A-4186-B655-973FD4725DC4}"
EndProject
Project("{2150E333-8FDC-42A3-9474-1A3956D46DE8}") = "Application", "Application", "{516B0F1C-1C87-4C48-9E20-98796A30A59C}"
EndProject
Project("{2150E333-8FDC-42A3-9474-1A3956D46DE8}") = "Data", "Data", "{D85E84A7-5E7D-44E5-8FFA-8502C0075DFE}"
EndProject
Project("{FAE04EC0-301F-11D3-BF4B-00C04F79EFBC}") = "MicroRabbit.Banking.Api", "MicroRabbit.Banking.Api\MicroRabbit.Banking.Api.csproj", "{C3A174E8-C2C7-4995-AE86-F469D320DEA9}"
EndProject
Project("{FAE04EC0-301F-11D3-BF4B-00C04F79EFBC}") = "MicroRabbit.Banking.Application", "MicroRabbit.Banking.Application\MicroRabbit.Banking.Application.csproj", "{D60274CF-1F97-4FC0-B1A6-4350D67DC8F3}"
EndProject
Project("{FAE04EC0-301F-11D3-BF4B-00C04F79EFBC}") = "MicroRabbit.Banking.Data", "MicroRabbit.Banking.Data\MicroRabbit.Banking.Data.csproj", "{964D78BE-82E7-4640-90C4-95125A6DBD7C}"
EndProject
Project("{FAE04EC0-301F-11D3-BF4B-00C04F79EFBC}") = "MicroRabbit.Banking.Domain", "MicroRabbit.Banking.Domain\MicroRabbit.Banking.Domain.csproj", "{B410DC0C-D9D6-4629-9B56-8316063981C0}"
EndProject
Global
	GlobalSection(SolutionConfigurationPlatforms) = preSolution
		Debug|Any CPU = Debug|Any CPU
		Release|Any CPU = Release|Any CPU
	EndGlobalSection
	GlobalSection(ProjectConfigurationPlatforms) = postSolution
		{3AB22C33-437A-4D56-9289-AA2BDDEC5081}.Debug|Any CPU.ActiveCfg = Debug|Any CPU
		{3AB22C33-437A-4D56-9289-AA2BDDEC5081}.Debug|Any CPU.Build.0 = Debug|Any CPU
		{3AB22C33-437A-4D56-9289-AA2BDDEC5081}.Release|Any CPU.ActiveCfg = Release|Any CPU
		{3AB22C33-437A-4D56-9289-AA2BDDEC5081}.Release|Any CPU.Build.0 = Release|Any CPU
		{99471BC8-736F-46A9-B033-2456F4186B71}.Debug|Any CPU.ActiveCfg = Debug|Any CPU
		{99471BC8-736F-46A9-B033-2456F4186B71}.Debug|Any CPU.Build.0 = Debug|Any CPU
		{99471BC8-736F-46A9-B033-2456F4186B71}.Release|Any CPU.ActiveCfg = Release|Any CPU
		{99471BC8-736F-46A9-B033-2456F4186B71}.Release|Any CPU.Build.0 = Release|Any CPU
		{A5BCC3B8-CAE0-4876-B5DB-E078230B9A9D}.Debug|Any CPU.ActiveCfg = Debug|Any CPU
		{A5BCC3B8-CAE0-4876-B5DB-E078230B9A9D}.Debug|Any CPU.Build.0 = Debug|Any CPU
		{A5BCC3B8-CAE0-4876-B5DB-E078230B9A9D}.Release|Any CPU.ActiveCfg = Release|Any CPU
		{A5BCC3B8-CAE0-4876-B5DB-E078230B9A9D}.Release|Any CPU.Build.0 = Release|Any CPU
		{C3A174E8-C2C7-4995-AE86-F469D320DEA9}.Debug|Any CPU.ActiveCfg = Debug|Any CPU
		{C3A174E8-C2C7-4995-AE86-F469D320DEA9}.Debug|Any CPU.Build.0 = Debug|Any CPU
		{C3A174E8-C2C7-4995-AE86-F469D320DEA9}.Release|Any CPU.ActiveCfg = Release|Any CPU
		{C3A174E8-C2C7-4995-AE86-F469D320DEA9}.Release|Any CPU.Build.0 = Release|Any CPU
		{D60274CF-1F97-4FC0-B1A6-4350D67DC8F3}.Debug|Any CPU.ActiveCfg = Debug|Any CPU
		{D60274CF-1F97-4FC0-B1A6-4350D67DC8F3}.Debug|Any CPU.Build.0 = Debug|Any CPU
		{D60274CF-1F97-4FC0-B1A6-4350D67DC8F3}.Release|Any CPU.ActiveCfg = Release|Any CPU
		{D60274CF-1F97-4FC0-B1A6-4350D67DC8F3}.Release|Any CPU.Build.0 = Release|Any CPU
		{964D78BE-82E7-4640-90C4-95125A6DBD7C}.Debug|Any CPU.ActiveCfg = Debug|Any CPU
		{964D78BE-82E7-4640-90C4-95125A6DBD7C}.Debug|Any CPU.Build.0 = Debug|Any CPU
		{964D78BE-82E7-4640-90C4-95125A6DBD7C}.Release|Any CPU.ActiveCfg = Release|Any CPU
		{964D78BE-82E7-4640-90C4-95125A6DBD7C}.Release|Any CPU.Build.0 = Release|Any CPU
		{B410DC0C-D9D6-4629-9B56-8316063981C0}.Debug|Any CPU.ActiveCfg = Debug|Any CPU
		{B410DC0C-D9D6-4629-9B56-8316063981C0}.Debug|Any CPU.Build.0 = Debug|Any CPU
		{B410DC0C-D9D6-4629-9B56-8316063981C0}.Release|Any CPU.ActiveCfg = Release|Any CPU
		{B410DC0C-D9D6-4629-9B56-8316063981C0}.Release|Any CPU.Build.0 = Release|Any CPU
	EndGlobalSection
	GlobalSection(SolutionProperties) = preSolution
		HideSolutionNode = FALSE
	EndGlobalSection
	GlobalSection(NestedProjects) = preSolution
		{3AB22C33-437A-4D56-9289-AA2BDDEC5081} = {85F6A355-D577-436C-AD59-2BBBE51A4457}
		{99471BC8-736F-46A9-B033-2456F4186B71} = {B3599F5C-E8B1-4528-8840-75E5B5E59A7B}
		{A5BCC3B8-CAE0-4876-B5DB-E078230B9A9D} = {1060213C-6AEC-4895-A9E0-E6E6787583B2}
		{D682AE15-6135-4A2A-9B57-04A9A853D8D4} = {BE17FE07-AD26-4177-AB2A-407462CCF51E}
		{E43F9D48-764D-441D-92FD-225A988D4F30} = {D682AE15-6135-4A2A-9B57-04A9A853D8D4}
		{9E7D5B7B-A10A-4186-B655-973FD4725DC4} = {D682AE15-6135-4A2A-9B57-04A9A853D8D4}
		{516B0F1C-1C87-4C48-9E20-98796A30A59C} = {D682AE15-6135-4A2A-9B57-04A9A853D8D4}
		{D85E84A7-5E7D-44E5-8FFA-8502C0075DFE} = {D682AE15-6135-4A2A-9B57-04A9A853D8D4}
		{C3A174E8-C2C7-4995-AE86-F469D320DEA9} = {E43F9D48-764D-441D-92FD-225A988D4F30}
		{D60274CF-1F97-4FC0-B1A6-4350D67DC8F3} = {516B0F1C-1C87-4C48-9E20-98796A30A59C}
		{964D78BE-82E7-4640-90C4-95125A6DBD7C} = {D85E84A7-5E7D-44E5-8FFA-8502C0075DFE}
		{B410DC0C-D9D6-4629-9B56-8316063981C0} = {9E7D5B7B-A10A-4186-B655-973FD4725DC4}
	EndGlobalSection
	GlobalSection(ExtensibilityGlobals) = postSolution
		SolutionGuid = {25BABD61-0405-4CC8-B5BE-A1926B5F3FD2}
	EndGlobalSection
EndGlobal
